// !$*UTF8*$!
{
	archiveVersion = 1;
	classes = {
	};
	objectVersion = 46;
	objects = {

/* Begin PBXBuildFile section */
		6D0D3C271C9EE5A400111F49 /* AppDelegate.swift in Sources */ = {isa = PBXBuildFile; fileRef = 6D0D3C261C9EE5A400111F49 /* AppDelegate.swift */; };
		6D0D3C291C9EE5A400111F49 /* ViewController.swift in Sources */ = {isa = PBXBuildFile; fileRef = 6D0D3C281C9EE5A400111F49 /* ViewController.swift */; };
		6D0D3C2C1C9EE5A400111F49 /* Main.storyboard in Resources */ = {isa = PBXBuildFile; fileRef = 6D0D3C2A1C9EE5A400111F49 /* Main.storyboard */; };
		6D0D3C2E1C9EE5A400111F49 /* Assets.xcassets in Resources */ = {isa = PBXBuildFile; fileRef = 6D0D3C2D1C9EE5A400111F49 /* Assets.xcassets */; };
		6D0D3C311C9EE5A400111F49 /* LaunchScreen.storyboard in Resources */ = {isa = PBXBuildFile; fileRef = 6D0D3C2F1C9EE5A400111F49 /* LaunchScreen.storyboard */; };
		6D0D3C3C1C9EE5A400111F49 /* __7StoryboardTests.swift in Sources */ = {isa = PBXBuildFile; fileRef = 6D0D3C3B1C9EE5A400111F49 /* __7StoryboardTests.swift */; };
		6D0D3C471C9EE5A400111F49 /* __7StoryboardUITests.swift in Sources */ = {isa = PBXBuildFile; fileRef = 6D0D3C461C9EE5A400111F49 /* __7StoryboardUITests.swift */; };
		6D0D3C561C9EE66A00111F49 /* Second.storyboard in Resources */ = {isa = PBXBuildFile; fileRef = 6D0D3C541C9EE66A00111F49 /* Second.storyboard */; };
/* End PBXBuildFile section */

/* Begin PBXContainerItemProxy section */
		6D0D3C381C9EE5A400111F49 /* PBXContainerItemProxy */ = {
			isa = PBXContainerItemProxy;
			containerPortal = 6D0D3C1B1C9EE5A400111F49 /* Project object */;
			proxyType = 1;
			remoteGlobalIDString = 6D0D3C221C9EE5A400111F49;
			remoteInfo = 1.7Storyboard;
		};
		6D0D3C431C9EE5A400111F49 /* PBXContainerItemProxy */ = {
			isa = PBXContainerItemProxy;
			containerPortal = 6D0D3C1B1C9EE5A400111F49 /* Project object */;
			proxyType = 1;
			remoteGlobalIDString = 6D0D3C221C9EE5A400111F49;
			remoteInfo = 1.7Storyboard;
		};
/* End PBXContainerItemProxy section */

/* Begin PBXFileReference section */
		6D0D3C231C9EE5A400111F49 /* 1.7Storyboard.app */ = {isa = PBXFileReference; explicitFileType = wrapper.application; includeInIndex = 0; path = 1.7Storyboard.app; sourceTree = BUILT_PRODUCTS_DIR; };
		6D0D3C261C9EE5A400111F49 /* AppDelegate.swift */ = {isa = PBXFileReference; lastKnownFileType = sourcecode.swift; path = AppDelegate.swift; sourceTree = "<group>"; };
		6D0D3C281C9EE5A400111F49 /* ViewController.swift */ = {isa = PBXFileReference; lastKnownFileType = sourcecode.swift; path = ViewController.swift; sourceTree = "<group>"; };
		6D0D3C2B1C9EE5A400111F49 /* Base */ = {isa = PBXFileReference; lastKnownFileType = file.storyboard; name = Base; path = Base.lproj/Main.storyboard; sourceTree = "<group>"; };
		6D0D3C2D1C9EE5A400111F49 /* Assets.xcassets */ = {isa = PBXFileReference; lastKnownFileType = folder.assetcatalog; path = Assets.xcassets; sourceTree = "<group>"; };
		6D0D3C301C9EE5A400111F49 /* Base */ = {isa = PBXFileReference; lastKnownFileType = file.storyboard; name = Base; path = Base.lproj/LaunchScreen.storyboard; sourceTree = "<group>"; };
		6D0D3C321C9EE5A400111F49 /* Info.plist */ = {isa = PBXFileReference; lastKnownFileType = text.plist.xml; path = Info.plist; sourceTree = "<group>"; };
		6D0D3C371C9EE5A400111F49 /* 1.7StoryboardTests.xctest */ = {isa = PBXFileReference; explicitFileType = wrapper.cfbundle; includeInIndex = 0; path = 1.7StoryboardTests.xctest; sourceTree = BUILT_PRODUCTS_DIR; };
		6D0D3C3B1C9EE5A400111F49 /* __7StoryboardTests.swift */ = {isa = PBXFileReference; lastKnownFileType = sourcecode.swift; path = __7StoryboardTests.swift; sourceTree = "<group>"; };
		6D0D3C3D1C9EE5A400111F49 /* Info.plist */ = {isa = PBXFileReference; lastKnownFileType = text.plist.xml; path = Info.plist; sourceTree = "<group>"; };
		6D0D3C421C9EE5A400111F49 /* 1.7StoryboardUITests.xctest */ = {isa = PBXFileReference; explicitFileType = wrapper.cfbundle; includeInIndex = 0; path = 1.7StoryboardUITests.xctest; sourceTree = BUILT_PRODUCTS_DIR; };
		6D0D3C461C9EE5A400111F49 /* __7StoryboardUITests.swift */ = {isa = PBXFileReference; lastKnownFileType = sourcecode.swift; path = __7StoryboardUITests.swift; sourceTree = "<group>"; };
		6D0D3C481C9EE5A400111F49 /* Info.plist */ = {isa = PBXFileReference; lastKnownFileType = text.plist.xml; path = Info.plist; sourceTree = "<group>"; };
		6D0D3C551C9EE66A00111F49 /* Base */ = {isa = PBXFileReference; lastKnownFileType = file.storyboard; name = Base; path = Base.lproj/Second.storyboard; sourceTree = "<group>"; };
/* End PBXFileReference section */

/* Begin PBXFrameworksBuildPhase section */
		6D0D3C201C9EE5A400111F49 /* Frameworks */ = {
			isa = PBXFrameworksBuildPhase;
			buildActionMask = 2147483647;
			files = (
			);
			runOnlyForDeploymentPostprocessing = 0;
		};
		6D0D3C341C9EE5A400111F49 /* Frameworks */ = {
			isa = PBXFrameworksBuildPhase;
			buildActionMask = 2147483647;
			files = (
			);
			runOnlyForDeploymentPostprocessing = 0;
		};
		6D0D3C3F1C9EE5A400111F49 /* Frameworks */ = {
			isa = PBXFrameworksBuildPhase;
			buildActionMask = 2147483647;
			files = (
			);
			runOnlyForDeploymentPostprocessing = 0;
		};
/* End PBXFrameworksBuildPhase section */

/* Begin PBXGroup section */
		6D0D3C1A1C9EE5A400111F49 = {
			isa = PBXGroup;
			children = (
				6D0D3C251C9EE5A400111F49 /* 1.7Storyboard */,
				6D0D3C3A1C9EE5A400111F49 /* 1.7StoryboardTests */,
				6D0D3C451C9EE5A400111F49 /* 1.7StoryboardUITests */,
				6D0D3C241C9EE5A400111F49 /* Products */,
			);
			sourceTree = "<group>";
		};
		6D0D3C241C9EE5A400111F49 /* Products */ = {
			isa = PBXGroup;
			children = (
				6D0D3C231C9EE5A400111F49 /* 1.7Storyboard.app */,
				6D0D3C371C9EE5A400111F49 /* 1.7StoryboardTests.xctest */,
				6D0D3C421C9EE5A400111F49 /* 1.7StoryboardUITests.xctest */,
			);
			name = Products;
			sourceTree = "<group>";
		};
		6D0D3C251C9EE5A400111F49 /* 1.7Storyboard */ = {
			isa = PBXGroup;
			children = (
				6D0D3C261C9EE5A400111F49 /* AppDelegate.swift */,
				6D0D3C281C9EE5A400111F49 /* ViewController.swift */,
				6D0D3C2A1C9EE5A400111F49 /* Main.storyboard */,
				6D0D3C541C9EE66A00111F49 /* Second.storyboard */,
				6D0D3C2D1C9EE5A400111F49 /* Assets.xcassets */,
				6D0D3C2F1C9EE5A400111F49 /* LaunchScreen.storyboard */,
				6D0D3C321C9EE5A400111F49 /* Info.plist */,
			);
			path = 1.7Storyboard;
			sourceTree = "<group>";
		};
		6D0D3C3A1C9EE5A400111F49 /* 1.7StoryboardTests */ = {
			isa = PBXGroup;
			children = (
				6D0D3C3B1C9EE5A400111F49 /* __7StoryboardTests.swift */,
				6D0D3C3D1C9EE5A400111F49 /* Info.plist */,
			);
			path = 1.7StoryboardTests;
			sourceTree = "<group>";
		};
		6D0D3C451C9EE5A400111F49 /* 1.7StoryboardUITests */ = {
			isa = PBXGroup;
			children = (
				6D0D3C461C9EE5A400111F49 /* __7StoryboardUITests.swift */,
				6D0D3C481C9EE5A400111F49 /* Info.plist */,
			);
			path = 1.7StoryboardUITests;
			sourceTree = "<group>";
		};
/* End PBXGroup section */

/* Begin PBXNativeTarget section */
		6D0D3C221C9EE5A400111F49 /* 1.7Storyboard */ = {
			isa = PBXNativeTarget;
			buildConfigurationList = 6D0D3C4B1C9EE5A400111F49 /* Build configuration list for PBXNativeTarget "1.7Storyboard" */;
			buildPhases = (
				6D0D3C1F1C9EE5A400111F49 /* Sources */,
				6D0D3C201C9EE5A400111F49 /* Frameworks */,
				6D0D3C211C9EE5A400111F49 /* Resources */,
			);
			buildRules = (
			);
			dependencies = (
			);
			name = 1.7Storyboard;
			productName = 1.7Storyboard;
			productReference = 6D0D3C231C9EE5A400111F49 /* 1.7Storyboard.app */;
			productType = "com.apple.product-type.application";
		};
		6D0D3C361C9EE5A400111F49 /* 1.7StoryboardTests */ = {
			isa = PBXNativeTarget;
			buildConfigurationList = 6D0D3C4E1C9EE5A400111F49 /* Build configuration list for PBXNativeTarget "1.7StoryboardTests" */;
			buildPhases = (
				6D0D3C331C9EE5A400111F49 /* Sources */,
				6D0D3C341C9EE5A400111F49 /* Frameworks */,
				6D0D3C351C9EE5A400111F49 /* Resources */,
			);
			buildRules = (
			);
			dependencies = (
				6D0D3C391C9EE5A400111F49 /* PBXTargetDependency */,
			);
			name = 1.7StoryboardTests;
			productName = 1.7StoryboardTests;
			productReference = 6D0D3C371C9EE5A400111F49 /* 1.7StoryboardTests.xctest */;
			productType = "com.apple.product-type.bundle.unit-test";
		};
		6D0D3C411C9EE5A400111F49 /* 1.7StoryboardUITests */ = {
			isa = PBXNativeTarget;
			buildConfigurationList = 6D0D3C511C9EE5A400111F49 /* Build configuration list for PBXNativeTarget "1.7StoryboardUITests" */;
			buildPhases = (
				6D0D3C3E1C9EE5A400111F49 /* Sources */,
				6D0D3C3F1C9EE5A400111F49 /* Frameworks */,
				6D0D3C401C9EE5A400111F49 /* Resources */,
			);
			buildRules = (
			);
			dependencies = (
				6D0D3C441C9EE5A400111F49 /* PBXTargetDependency */,
			);
			name = 1.7StoryboardUITests;
			productName = 1.7StoryboardUITests;
			productReference = 6D0D3C421C9EE5A400111F49 /* 1.7StoryboardUITests.xctest */;
			productType = "com.apple.product-type.bundle.ui-testing";
		};
/* End PBXNativeTarget section */

/* Begin PBXProject section */
		6D0D3C1B1C9EE5A400111F49 /* Project object */ = {
			isa = PBXProject;
			attributes = {
				LastSwiftUpdateCheck = 0720;
				LastUpgradeCheck = 0720;
				ORGANIZATIONNAME = "Xiulan Shi";
				TargetAttributes = {
					6D0D3C221C9EE5A400111F49 = {
						CreatedOnToolsVersion = 7.2.1;
					};
					6D0D3C361C9EE5A400111F49 = {
						CreatedOnToolsVersion = 7.2.1;
						TestTargetID = 6D0D3C221C9EE5A400111F49;
					};
					6D0D3C411C9EE5A400111F49 = {
						CreatedOnToolsVersion = 7.2.1;
						TestTargetID = 6D0D3C221C9EE5A400111F49;
					};
				};
			};
			buildConfigurationList = 6D0D3C1E1C9EE5A400111F49 /* Build configuration list for PBXProject "1.7Storyboard" */;
			compatibilityVersion = "Xcode 3.2";
			developmentRegion = English;
			hasScannedForEncodings = 0;
			knownRegions = (
				en,
				Base,
			);
			mainGroup = 6D0D3C1A1C9EE5A400111F49;
			productRefGroup = 6D0D3C241C9EE5A400111F49 /* Products */;
			projectDirPath = "";
			projectRoot = "";
			targets = (
				6D0D3C221C9EE5A400111F49 /* 1.7Storyboard */,
				6D0D3C361C9EE5A400111F49 /* 1.7StoryboardTests */,
				6D0D3C411C9EE5A400111F49 /* 1.7StoryboardUITests */,
			);
		};
/* End PBXProject section */

/* Begin PBXResourcesBuildPhase section */
		6D0D3C211C9EE5A400111F49 /* Resources */ = {
			isa = PBXResourcesBuildPhase;
			buildActionMask = 2147483647;
			files = (
				6D0D3C561C9EE66A00111F49 /* Second.storyboard in Resources */,
				6D0D3C311C9EE5A400111F49 /* LaunchScreen.storyboard in Resources */,
				6D0D3C2E1C9EE5A400111F49 /* Assets.xcassets in Resources */,
				6D0D3C2C1C9EE5A400111F49 /* Main.storyboard in Resources */,
			);
			runOnlyForDeploymentPostprocessing = 0;
		};
		6D0D3C351C9EE5A400111F49 /* Resources */ = {
			isa = PBXResourcesBuildPhase;
			buildActionMask = 2147483647;
			files = (
			);
			runOnlyForDeploymentPostprocessing = 0;
		};
		6D0D3C401C9EE5A400111F49 /* Resources */ = {
			isa = PBXResourcesBuildPhase;
			buildActionMask = 2147483647;
			files = (
			);
			runOnlyForDeploymentPostprocessing = 0;
		};
/* End PBXResourcesBuildPhase section */

/* Begin PBXSourcesBuildPhase section */
		6D0D3C1F1C9EE5A400111F49 /* Sources */ = {
			isa = PBXSourcesBuildPhase;
			buildActionMask = 2147483647;
			files = (
				6D0D3C291C9EE5A400111F49 /* ViewController.swift in Sources */,
				6D0D3C271C9EE5A400111F49 /* AppDelegate.swift in Sources */,
			);
			runOnlyForDeploymentPostprocessing = 0;
		};
		6D0D3C331C9EE5A400111F49 /* Sources */ = {
			isa = PBXSourcesBuildPhase;
			buildActionMask = 2147483647;
			files = (
				6D0D3C3C1C9EE5A400111F49 /* __7StoryboardTests.swift in Sources */,
			);
			runOnlyForDeploymentPostprocessing = 0;
		};
		6D0D3C3E1C9EE5A400111F49 /* Sources */ = {
			isa = PBXSourcesBuildPhase;
			buildActionMask = 2147483647;
			files = (
				6D0D3C471C9EE5A400111F49 /* __7StoryboardUITests.swift in Sources */,
			);
			runOnlyForDeploymentPostprocessing = 0;
		};
/* End PBXSourcesBuildPhase section */

/* Begin PBXTargetDependency section */
		6D0D3C391C9EE5A400111F49 /* PBXTargetDependency */ = {
			isa = PBXTargetDependency;
			target = 6D0D3C221C9EE5A400111F49 /* 1.7Storyboard */;
			targetProxy = 6D0D3C381C9EE5A400111F49 /* PBXContainerItemProxy */;
		};
		6D0D3C441C9EE5A400111F49 /* PBXTargetDependency */ = {
			isa = PBXTargetDependency;
			target = 6D0D3C221C9EE5A400111F49 /* 1.7Storyboard */;
			targetProxy = 6D0D3C431C9EE5A400111F49 /* PBXContainerItemProxy */;
		};
/* End PBXTargetDependency section */

/* Begin PBXVariantGroup section */
		6D0D3C2A1C9EE5A400111F49 /* Main.storyboard */ = {
			isa = PBXVariantGroup;
			children = (
				6D0D3C2B1C9EE5A400111F49 /* Base */,
			);
			name = Main.storyboard;
			sourceTree = "<group>";
		};
		6D0D3C2F1C9EE5A400111F49 /* LaunchScreen.storyboard */ = {
			isa = PBXVariantGroup;
			children = (
				6D0D3C301C9EE5A400111F49 /* Base */,
			);
			name = LaunchScreen.storyboard;
			sourceTree = "<group>";
		};
		6D0D3C541C9EE66A00111F49 /* Second.storyboard */ = {
			isa = PBXVariantGroup;
			children = (
				6D0D3C551C9EE66A00111F49 /* Base */,
			);
			name = Second.storyboard;
			sourceTree = "<group>";
		};
/* End PBXVariantGroup section */

/* Begin XCBuildConfiguration section */
		6D0D3C491C9EE5A400111F49 /* Debug */ = {
			isa = XCBuildConfiguration;
			buildSettings = {
				ALWAYS_SEARCH_USER_PATHS = NO;
				CLANG_CXX_LANGUAGE_STANDARD = "gnu++0x";
				CLANG_CXX_LIBRARY = "libc++";
				CLANG_ENABLE_MODULES = YES;
				CLANG_ENABLE_OBJC_ARC = YES;
				CLANG_WARN_BOOL_CONVERSION = YES;
				CLANG_WARN_CONSTANT_CONVERSION = YES;
				CLANG_WARN_DIRECT_OBJC_ISA_USAGE = YES_ERROR;
				CLANG_WARN_EMPTY_BODY = YES;
				CLANG_WARN_ENUM_CONVERSION = YES;
				CLANG_WARN_INT_CONVERSION = YES;
				CLANG_WARN_OBJC_ROOT_CLASS = YES_ERROR;
				CLANG_WARN_UNREACHABLE_CODE = YES;
				CLANG_WARN__DUPLICATE_METHOD_MATCH = YES;
				"CODE_SIGN_IDENTITY[sdk=iphoneos*]" = "iPhone Developer";
				COPY_PHASE_STRIP = NO;
				DEBUG_INFORMATION_FORMAT = dwarf;
				ENABLE_STRICT_OBJC_MSGSEND = YES;
				ENABLE_TESTABILITY = YES;
				GCC_C_LANGUAGE_STANDARD = gnu99;
				GCC_DYNAMIC_NO_PIC = NO;
				GCC_NO_COMMON_BLOCKS = YES;
				GCC_OPTIMIZATION_LEVEL = 0;
				GCC_PREPROCESSOR_DEFINITIONS = (
					"DEBUG=1",
					"$(inherited)",
				);
				GCC_WARN_64_TO_32_BIT_CONVERSION = YES;
				GCC_WARN_ABOUT_RETURN_TYPE = YES_ERROR;
				GCC_WARN_UNDECLARED_SELECTOR = YES;
				GCC_WARN_UNINITIALIZED_AUTOS = YES_AGGRESSIVE;
				GCC_WARN_UNUSED_FUNCTION = YES;
				GCC_WARN_UNUSED_VARIABLE = YES;
				IPHONEOS_DEPLOYMENT_TARGET = 9.2;
				MTL_ENABLE_DEBUG_INFO = YES;
				ONLY_ACTIVE_ARCH = YES;
				SDKROOT = iphoneos;
				SWIFT_OPTIMIZATION_LEVEL = "-Onone";
			};
			name = Debug;
		};
		6D0D3C4A1C9EE5A400111F49 /* Release */ = {
			isa = XCBuildConfiguration;
			buildSettings = {
				ALWAYS_SEARCH_USER_PATHS = NO;
				CLANG_CXX_LANGUAGE_STANDARD = "gnu++0x";
				CLANG_CXX_LIBRARY = "libc++";
				CLANG_ENABLE_MODULES = YES;
				CLANG_ENABLE_OBJC_ARC = YES;
				CLANG_WARN_BOOL_CONVERSION = YES;
				CLANG_WARN_CONSTANT_CONVERSION = YES;
				CLANG_WARN_DIRECT_OBJC_ISA_USAGE = YES_ERROR;
				CLANG_WARN_EMPTY_BODY = YES;
				CLANG_WARN_ENUM_CONVERSION = YES;
				CLANG_WARN_INT_CONVERSION = YES;
				CLANG_WARN_OBJC_ROOT_CLASS = YES_ERROR;
				CLANG_WARN_UNREACHABLE_CODE = YES;
				CLANG_WARN__DUPLICATE_METHOD_MATCH = YES;
				"CODE_SIGN_IDENTITY[sdk=iphoneos*]" = "iPhone Developer";
				COPY_PHASE_STRIP = NO;
				DEBUG_INFORMATION_FORMAT = "dwarf-with-dsym";
				ENABLE_NS_ASSERTIONS = NO;
				ENABLE_STRICT_OBJC_MSGSEND = YES;
				GCC_C_LANGUAGE_STANDARD = gnu99;
				GCC_NO_COMMON_BLOCKS = YES;
				GCC_WARN_64_TO_32_BIT_CONVERSION = YES;
				GCC_WARN_ABOUT_RETURN_TYPE = YES_ERROR;
				GCC_WARN_UNDECLARED_SELECTOR = YES;
				GCC_WARN_UNINITIALIZED_AUTOS = YES_AGGRESSIVE;
				GCC_WARN_UNUSED_FUNCTION = YES;
				GCC_WARN_UNUSED_VARIABLE = YES;
				IPHONEOS_DEPLOYMENT_TARGET = 9.2;
				MTL_ENABLE_DEBUG_INFO = NO;
				SDKROOT = iphoneos;
				VALIDATE_PRODUCT = YES;
			};
			name = Release;
		};
		6D0D3C4C1C9EE5A400111F49 /* Debug */ = {
			isa = XCBuildConfiguration;
			buildSettings = {
				ASSETCATALOG_COMPILER_APPICON_NAME = AppIcon;
				INFOPLIST_FILE = 1.7Storyboard/Info.plist;
				LD_RUNPATH_SEARCH_PATHS = "$(inherited) @executable_path/Frameworks";
				PRODUCT_BUNDLE_IDENTIFIER = "com.xiulanshi.--7Storyboard";
				PRODUCT_NAME = "$(TARGET_NAME)";
			};
			name = Debug;
		};
		6D0D3C4D1C9EE5A400111F49 /* Release */ = {
			isa = XCBuildConfiguration;
			buildSettings = {
				ASSETCATALOG_COMPILER_APPICON_NAME = AppIcon;
				INFOPLIST_FILE = 1.7Storyboard/Info.plist;
				LD_RUNPATH_SEARCH_PATHS = "$(inherited) @executable_path/Frameworks";
				PRODUCT_BUNDLE_IDENTIFIER = "com.xiulanshi.--7Storyboard";
				PRODUCT_NAME = "$(TARGET_NAME)";
			};
			name = Release;
		};
		6D0D3C4F1C9EE5A400111F49 /* Debug */ = {
			isa = XCBuildConfiguration;
			buildSettings = {
				BUNDLE_LOADER = "$(TEST_HOST)";
				INFOPLIST_FILE = 1.7StoryboardTests/Info.plist;
				LD_RUNPATH_SEARCH_PATHS = "$(inherited) @executable_path/Frameworks @loader_path/Frameworks";
				PRODUCT_BUNDLE_IDENTIFIER = "com.xiulanshi.--7StoryboardTests";
				PRODUCT_NAME = "$(TARGET_NAME)";
				TEST_HOST = "$(BUILT_PRODUCTS_DIR)/1.7Storyboard.app/1.7Storyboard";
			};
			name = Debug;
		};
		6D0D3C501C9EE5A400111F49 /* Release */ = {
			isa = XCBuildConfiguration;
			buildSettings = {
				BUNDLE_LOADER = "$(TEST_HOST)";
				INFOPLIST_FILE = 1.7StoryboardTests/Info.plist;
				LD_RUNPATH_SEARCH_PATHS = "$(inherited) @executable_path/Frameworks @loader_path/Frameworks";
				PRODUCT_BUNDLE_IDENTIFIER = "com.xiulanshi.--7StoryboardTests";
				PRODUCT_NAME = "$(TARGET_NAME)";
				TEST_HOST = "$(BUILT_PRODUCTS_DIR)/1.7Storyboard.app/1.7Storyboard";
			};
			name = Release;
		};
		6D0D3C521C9EE5A400111F49 /* Debug */ = {
			isa = XCBuildConfiguration;
			buildSettings = {
				INFOPLIST_FILE = 1.7StoryboardUITests/Info.plist;
				LD_RUNPATH_SEARCH_PATHS = "$(inherited) @executable_path/Frameworks @loader_path/Frameworks";
				PRODUCT_BUNDLE_IDENTIFIER = "com.xiulanshi.--7StoryboardUITests";
				PRODUCT_NAME = "$(TARGET_NAME)";
				TEST_TARGET_NAME = 1.7Storyboard;
				USES_XCTRUNNER = YES;
			};
			name = Debug;
		};
		6D0D3C531C9EE5A400111F49 /* Release */ = {
			isa = XCBuildConfiguration;
			buildSettings = {
				INFOPLIST_FILE = 1.7StoryboardUITests/Info.plist;
				LD_RUNPATH_SEARCH_PATHS = "$(inherited) @executable_path/Frameworks @loader_path/Frameworks";
				PRODUCT_BUNDLE_IDENTIFIER = "com.xiulanshi.--7StoryboardUITests";
				PRODUCT_NAME = "$(TARGET_NAME)";
				TEST_TARGET_NAME = 1.7Storyboard;
				USES_XCTRUNNER = YES;
			};
			name = Release;
		};
/* End XCBuildConfiguration section */

/* Begin XCConfigurationList section */
		6D0D3C1E1C9EE5A400111F49 /* Build configuration list for PBXProject "1.7Storyboard" */ = {
			isa = XCConfigurationList;
			buildConfigurations = (
				6D0D3C491C9EE5A400111F49 /* Debug */,
				6D0D3C4A1C9EE5A400111F49 /* Release */,
			);
			defaultConfigurationIsVisible = 0;
			defaultConfigurationName = Release;
		};
		6D0D3C4B1C9EE5A400111F49 /* Build configuration list for PBXNativeTarget "1.7Storyboard" */ = {
			isa = XCConfigurationList;
			buildConfigurations = (
				6D0D3C4C1C9EE5A400111F49 /* Debug */,
				6D0D3C4D1C9EE5A400111F49 /* Release */,
			);
			defaultConfigurationIsVisible = 0;
		};
		6D0D3C4E1C9EE5A400111F49 /* Build configuration list for PBXNativeTarget "1.7StoryboardTests" */ = {
			isa = XCConfigurationList;
			buildConfigurations = (
				6D0D3C4F1C9EE5A400111F49 /* Debug */,
				6D0D3C501C9EE5A400111F49 /* Release */,
			);
			defaultConfigurationIsVisible = 0;
		};
		6D0D3C511C9EE5A400111F49 /* Build configuration list for PBXNativeTarget "1.7StoryboardUITests" */ = {
			isa = XCConfigurationList;
			buildConfigurations = (
				6D0D3C521C9EE5A400111F49 /* Debug */,
				6D0D3C531C9EE5A400111F49 /* Release */,
			);
			defaultConfigurationIsVisible = 0;
		};
/* End XCConfigurationList section */
	};
	rootObject = 6D0D3C1B1C9EE5A400111F49 /* Project object */;
}
